Microsoft Visual Studio Solution File, Format Version 12.00
# Visual Studio Version 17
VisualStudioVersion = 17.0.31903.59
MinimumVisualStudioVersion = 10.0.40219.1

Project("{2150E333-8FDC-42A3-9474-1A3956D46DE8}") = "src", "src", "{8BC9CEB8-8B4A-11D0-8D11-00A0C91BC942}"
EndProject

Project("{2150E333-8FDC-42A3-9474-1A3956D46DE8}") = "tests", "tests", "{3AC096D0-A1C2-E12C-1390-A8335801FDAB}"
EndProject

Project("{2150E333-8FDC-42A3-9474-1A3956D46DE8}") = "infrastructure", "infrastructure", "{7D9C8B4E-8A3C-4E1B-9D7F-4E2A9C8B4E6D}"
EndProject

Project("{FAE04EC0-301F-11D3-BF4B-00C04F79EFBC}") = "FinancialAgent.Api", "src\FinancialAgent.Api\FinancialAgent.Api.csproj", "{A1B2C3D4-E5F6-7890-1234-567890123456}"
EndProject

Project("{FAE04EC0-301F-11D3-BF4B-00C04F79EFBC}") = "FinancialAgent.Core", "src\FinancialAgent.Core\FinancialAgent.Core.csproj", "{B2C3D4E5-F6G7-8901-2345-678901234567}"
EndProject

Project("{FAE04EC0-301F-11D3-BF4B-00C04F79EFBC}") = "FinancialAgent.Infrastructure", "src\FinancialAgent.Infrastructure\FinancialAgent.Infrastructure.csproj", "{C3D4E5F6-G7H8-9012-3456-789012345678}"
EndProject

Project("{FAE04EC0-301F-11D3-BF4B-00C04F79EFBC}") = "FinancialAgent.Agents", "src\FinancialAgent.Agents\FinancialAgent.Agents.csproj", "{D4E5F6G7-H8I9-0123-4567-890123456789}"
EndProject

Global
	GlobalSection(SolutionConfigurationPlatforms) = preSolution
		Debug|Any CPU = Debug|Any CPU
		Release|Any CPU = Release|Any CPU
	EndGlobalSection
	GlobalSection(ProjectConfigurationPlatforms) = postSolution
		{A1B2C3D4-E5F6-7890-1234-567890123456}.Debug|Any CPU.ActiveCfg = Debug|Any CPU
		{A1B2C3D4-E5F6-7890-1234-567890123456}.Debug|Any CPU.Build.0 = Debug|Any CPU
		{A1B2C3D4-E5F6-7890-1234-567890123456}.Release|Any CPU.ActiveCfg = Release|Any CPU
		{A1B2C3D4-E5F6-7890-1234-567890123456}.Release|Any CPU.Build.0 = Release|Any CPU
		{B2C3D4E5-F6G7-8901-2345-678901234567}.Debug|Any CPU.ActiveCfg = Debug|Any CPU
		{B2C3D4E5-F6G7-8901-2345-678901234567}.Debug|Any CPU.Build.0 = Debug|Any CPU
		{B2C3D4E5-F6G7-8901-2345-678901234567}.Release|Any CPU.ActiveCfg = Release|Any CPU
		{B2C3D4E5-F6G7-8901-2345-678901234567}.Release|Any CPU.Build.0 = Release|Any CPU
		{C3D4E5F6-G7H8-9012-3456-789012345678}.Debug|Any CPU.ActiveCfg = Debug|Any CPU
		{C3D4E5F6-G7H8-9012-3456-789012345678}.Debug|Any CPU.Build.0 = Debug|Any CPU
		{C3D4E5F6-G7H8-9012-3456-789012345678}.Release|Any CPU.ActiveCfg = Release|Any CPU
		{C3D4E5F6-G7H8-9012-3456-789012345678}.Release|Any CPU.Build.0 = Release|Any CPU
		{D4E5F6G7-H8I9-0123-4567-890123456789}.Debug|Any CPU.ActiveCfg = Debug|Any CPU
		{D4E5F6G7-H8I9-0123-4567-890123456789}.Debug|Any CPU.Build.0 = Debug|Any CPU
		{D4E5F6G7-H8I9-0123-4567-890123456789}.Release|Any CPU.ActiveCfg = Release|Any CPU
		{D4E5F6G7-H8I9-0123-4567-890123456789}.Release|Any CPU.Build.0 = Release|Any CPU
	EndGlobalSection
	GlobalSection(NestedProjects) = preSolution
		{A1B2C3D4-E5F6-7890-1234-567890123456} = {8BC9CEB8-8B4A-11D0-8D11-00A0C91BC942}
		{B2C3D4E5-F6G7-8901-2345-678901234567} = {8BC9CEB8-8B4A-11D0-8D11-00A0C91BC942}
		{C3D4E5F6-G7H8-9012-3456-789012345678} = {8BC9CEB8-8B4A-11D0-8D11-00A0C91BC942}
		{D4E5F6G7-H8I9-0123-4567-890123456789} = {8BC9CEB8-8B4A-11D0-8D11-00A0C91BC942}
	EndGlobalSection
EndGlobal